
Microsoft Visual Studio Solution File, Format Version 12.00
# Visual Studio Version 16
VisualStudioVersion = 16.0.30523.141
MinimumVisualStudioVersion = 10.0.40219.1
Project("{00D1A9C2-B5F0-4AF3-8072-F6C62B433612}") = "Azure.SQL.Sample", "Azure.SQL.Sample\Azure.SQL.Sample.sqlproj", "{D8AB31B4-E4AE-4F11-8E42-529149C63FDC}"
EndProject
Global
	GlobalSection(SolutionConfigurationPlatforms) = preSolution
		Debug|Any CPU = Debug|Any CPU
		Release|Any CPU = Release|Any CPU
	EndGlobalSection
	GlobalSection(ProjectConfigurationPlatforms) = postSolution
		{D8AB31B4-E4AE-4F11-8E42-529149C63FDC}.Debug|Any CPU.ActiveCfg = Debug|Any CPU
		{D8AB31B4-E4AE-4F11-8E42-529149C63FDC}.Debug|Any CPU.Build.0 = Debug|Any CPU
		{D8AB31B4-E4AE-4F11-8E42-529149C63FDC}.Debug|Any CPU.Deploy.0 = Debug|Any CPU
		{D8AB31B4-E4AE-4F11-8E42-529149C63FDC}.Release|Any CPU.ActiveCfg = Release|Any CPU
		{D8AB31B4-E4AE-4F11-8E42-529149C63FDC}.Release|Any CPU.Build.0 = Release|Any CPU
		{D8AB31B4-E4AE-4F11-8E42-529149C63FDC}.Release|Any CPU.Deploy.0 = Release|Any CPU
	EndGlobalSection
	GlobalSection(SolutionProperties) = preSolution
		HideSolutionNode = FALSE
	EndGlobalSection
	GlobalSection(ExtensibilityGlobals) = postSolution
		SolutionGuid = {7AAF9D44-E483-4B4A-99FC-A018487080F5}
	EndGlobalSection
EndGlobal
